
Microsoft Visual Studio Solution File, Format Version 12.00
# Visual Studio 15
VisualStudioVersion = 15.0.26730.12
MinimumVisualStudioVersion = 10.0.40219.1
Project("{2150E333-8FDC-42A3-9474-1A3956D46DE8}") = "src", "src", "{2BA0E34E-D47A-4470-B1FE-A063666F3A29}"
EndProject
Project("{2150E333-8FDC-42A3-9474-1A3956D46DE8}") = "Solution Items", "Solution Items", "{9FC5B924-9BBF-46D7-96E1-568F211BA14A}"
	ProjectSection(SolutionItems) = preProject
		global.json = global.json
		NuGet.config = NuGet.config
	EndProjectSection
EndProject
Project("{9A19103F-16F7-4668-BE54-9A1E7A4F7556}") = "RawRabbit.Todo.Shared", "src\RawRabbit.Todo.Shared\RawRabbit.Todo.Shared.csproj", "{3FDCA370-DB4C-424D-BDC7-68116FB7F6C6}"
EndProject
Project("{9A19103F-16F7-4668-BE54-9A1E7A4F7556}") = "RawRabbit.Todo.Web", "src\RawRabbit.Todo.Web\RawRabbit.Todo.Web.csproj", "{5927AA8F-B855-4228-A216-3C6976C33DFE}"
EndProject
Project("{9A19103F-16F7-4668-BE54-9A1E7A4F7556}") = "RawRabbit.Todo", "src\RawRabbit.Todo\RawRabbit.Todo.csproj", "{F2DC3B43-D04B-438E-8D28-AD5C42463617}"
EndProject
Global
	GlobalSection(SolutionConfigurationPlatforms) = preSolution
		Debug|Any CPU = Debug|Any CPU
		Release|Any CPU = Release|Any CPU
	EndGlobalSection
	GlobalSection(ProjectConfigurationPlatforms) = postSolution
		{3FDCA370-DB4C-424D-BDC7-68116FB7F6C6}.Debug|Any CPU.ActiveCfg = Debug|Any CPU
		{3FDCA370-DB4C-424D-BDC7-68116FB7F6C6}.Debug|Any CPU.Build.0 = Debug|Any CPU
		{3FDCA370-DB4C-424D-BDC7-68116FB7F6C6}.Release|Any CPU.ActiveCfg = Release|Any CPU
		{3FDCA370-DB4C-424D-BDC7-68116FB7F6C6}.Release|Any CPU.Build.0 = Release|Any CPU
		{5927AA8F-B855-4228-A216-3C6976C33DFE}.Debug|Any CPU.ActiveCfg = Debug|Any CPU
		{5927AA8F-B855-4228-A216-3C6976C33DFE}.Debug|Any CPU.Build.0 = Debug|Any CPU
		{5927AA8F-B855-4228-A216-3C6976C33DFE}.Release|Any CPU.ActiveCfg = Release|Any CPU
		{5927AA8F-B855-4228-A216-3C6976C33DFE}.Release|Any CPU.Build.0 = Release|Any CPU
		{F2DC3B43-D04B-438E-8D28-AD5C42463617}.Debug|Any CPU.ActiveCfg = Debug|Any CPU
		{F2DC3B43-D04B-438E-8D28-AD5C42463617}.Debug|Any CPU.Build.0 = Debug|Any CPU
		{F2DC3B43-D04B-438E-8D28-AD5C42463617}.Release|Any CPU.ActiveCfg = Release|Any CPU
		{F2DC3B43-D04B-438E-8D28-AD5C42463617}.Release|Any CPU.Build.0 = Release|Any CPU
	EndGlobalSection
	GlobalSection(SolutionProperties) = preSolution
		HideSolutionNode = FALSE
	EndGlobalSection
	GlobalSection(NestedProjects) = preSolution
		{3FDCA370-DB4C-424D-BDC7-68116FB7F6C6} = {2BA0E34E-D47A-4470-B1FE-A063666F3A29}
		{5927AA8F-B855-4228-A216-3C6976C33DFE} = {2BA0E34E-D47A-4470-B1FE-A063666F3A29}
		{F2DC3B43-D04B-438E-8D28-AD5C42463617} = {2BA0E34E-D47A-4470-B1FE-A063666F3A29}
	EndGlobalSection
	GlobalSection(ExtensibilityGlobals) = postSolution
		SolutionGuid = {CF27241A-1121-4F7A-8C99-EA76203A9678}
	EndGlobalSection
EndGlobal
